
Microsoft Visual Studio Solution File, Format Version 12.00
# Visual Studio Version 16
VisualStudioVersion = 16.0.30309.148
MinimumVisualStudioVersion = 10.0.40219.1
Project("{FAE04EC0-301F-11D3-BF4B-00C04F79EFBC}") = "ItemPicker", "ItemPicker\ItemPicker.csproj", "{601D19A5-E76E-4B89-8020-CED728C118F1}"
EndProject
Global
	GlobalSection(SolutionConfigurationPlatforms) = preSolution
		Debug|Any CPU = Debug|Any CPU
		Release|Any CPU = Release|Any CPU
	EndGlobalSection
	GlobalSection(ProjectConfigurationPlatforms) = postSolution
		{601D19A5-E76E-4B89-8020-CED728C118F1}.Debug|Any CPU.ActiveCfg = Debug|Any CPU
		{601D19A5-E76E-4B89-8020-CED728C118F1}.Debug|Any CPU.Build.0 = Debug|Any CPU
		{601D19A5-E76E-4B89-8020-CED728C118F1}.Release|Any CPU.ActiveCfg = Release|Any CPU
		{601D19A5-E76E-4B89-8020-CED728C118F1}.Release|Any CPU.Build.0 = Release|Any CPU
	EndGlobalSection
	GlobalSection(SolutionProperties) = preSolution
		HideSolutionNode = FALSE
	EndGlobalSection
	GlobalSection(ExtensibilityGlobals) = postSolution
		SolutionGuid = {CC94C965-5020-4C19-B24F-FB3014513040}
	EndGlobalSection
EndGlobal
